
Microsoft Visual Studio Solution File, Format Version 12.00
# Visual Studio Version 16
VisualStudioVersion = 16.0.29613.14
MinimumVisualStudioVersion = 10.0.40219.1
Project("{FAE04EC0-301F-11D3-BF4B-00C04F79EFBC}") = "RPGStore", "RPGStore\RPGStore.csproj", "{CBC9C535-77F7-49A2-855D-D1EB37F49342}"
EndProject
Global
	GlobalSection(SolutionConfigurationPlatforms) = preSolution
		Debug|Any CPU = Debug|Any CPU
		Release|Any CPU = Release|Any CPU
	EndGlobalSection
	GlobalSection(ProjectConfigurationPlatforms) = postSolution
		{CBC9C535-77F7-49A2-855D-D1EB37F49342}.Debug|Any CPU.ActiveCfg = Debug|Any CPU
		{CBC9C535-77F7-49A2-855D-D1EB37F49342}.Debug|Any CPU.Build.0 = Debug|Any CPU
		{CBC9C535-77F7-49A2-855D-D1EB37F49342}.Release|Any CPU.ActiveCfg = Release|Any CPU
		{CBC9C535-77F7-49A2-855D-D1EB37F49342}.Release|Any CPU.Build.0 = Release|Any CPU
	EndGlobalSection
	GlobalSection(SolutionProperties) = preSolution
		HideSolutionNode = FALSE
	EndGlobalSection
	GlobalSection(ExtensibilityGlobals) = postSolution
		SolutionGuid = {E149C816-127F-4E2C-B9EF-105D2EA3B1C0}
	EndGlobalSection
EndGlobal
